
Microsoft Visual Studio Solution File, Format Version 12.00
# Visual Studio 15
VisualStudioVersion = 15.0.27428.2037
MinimumVisualStudioVersion = 10.0.40219.1
Project("{FAE04EC0-301F-11D3-BF4B-00C04F79EFBC}") = "watermark", "watermark\watermark.csproj", "{CCD36AC2-41C8-4804-95F2-CE7EE37C14D2}"
EndProject
Global
	GlobalSection(SolutionConfigurationPlatforms) = preSolution
		Debug|Any CPU = Debug|Any CPU
		Release|Any CPU = Release|Any CPU
	EndGlobalSection
	GlobalSection(ProjectConfigurationPlatforms) = postSolution
		{CCD36AC2-41C8-4804-95F2-CE7EE37C14D2}.Debug|Any CPU.ActiveCfg = Debug|Any CPU
		{CCD36AC2-41C8-4804-95F2-CE7EE37C14D2}.Debug|Any CPU.Build.0 = Debug|Any CPU
		{CCD36AC2-41C8-4804-95F2-CE7EE37C14D2}.Release|Any CPU.ActiveCfg = Release|Any CPU
		{CCD36AC2-41C8-4804-95F2-CE7EE37C14D2}.Release|Any CPU.Build.0 = Release|Any CPU
	EndGlobalSection
	GlobalSection(SolutionProperties) = preSolution
		HideSolutionNode = FALSE
	EndGlobalSection
	GlobalSection(ExtensibilityGlobals) = postSolution
		SolutionGuid = {C5F4CDAA-13B4-4956-8B1C-E208210FE9F6}
	EndGlobalSection
EndGlobal
